# Provider-only Python 3.11 Linux x86-64 closure.
cffi==2.1.0 \
    --hash=sha256:aa7a1b53a2a4452ada2d1b5dade9960b2522f1e61293a811a077439e39029565
cryptography==49.0.0 \
    --hash=sha256:2afe9051da7ae7bd5905da5a949280c7d2bb75682e188f650a9d0f2756b834c6
pycparser==3.0 \
    --hash=sha256:b727414169a36b7d524c1c3e31839a521725078d7b2ff038656844266160a992
setuptools==79.0.1 \
    --hash=sha256:e147c0549f27767ba362f9da434eab9c5dc0045d5304feb602a0af001089fc51
